{
  "version": "5",
  "specifiers": {
    "npm:zod@^4.1.13": "4.1.13"
  },
  "npm": {
    "zod@4.1.13": {
      "integrity": "sha512-AvvthqfqrAhNH9dnfmrfKzX5upOdjUVJYFqNSlkmGf64gRaTzlPwz99IHYnVs28qYAybvAlBV+H7pn0saFY4Ig=="
    }
  },
  "redirects": {
    "https://esm.sh/preact@%3E=10?target=denonext": "https://esm.sh/preact@10.28.0?target=denonext"
  },
  "remote": {
    "https://deno.land/std@0.205.0/encoding/_util.ts": "f368920189c4fe6592ab2e93bd7ded8f3065b84f95cd3e036a4a10a75649dcba",
    "https://deno.land/std@0.205.0/encoding/base64.ts": "cc03110d6518170aeaa68ec97f89c6d6e2276294b30807e7332591d7ce2e4b72",
    "https://deno.land/std@0.205.0/encoding/base64url.ts": "7608862858d28a003f9d6cb78dd61e645ecd1ae1f45faf0e09a306eafe66b16e",
    "https://deno.land/std@0.208.0/yaml/_dumper/dumper.ts": "717403d0e700de783f2ef5c906b3d7245383e1509fc050e7ff5d4a53a03dbf40",
    "https://deno.land/std@0.208.0/yaml/_dumper/dumper_state.ts": "f0d0673ceea288334061ca34b63954c2bb5feb5bf6de5e4cfe9a942cdf6e5efe",
    "https://deno.land/std@0.208.0/yaml/_error.ts": "b59e2c76ce5a47b1b9fa0ff9f96c1dd92ea1e1b17ce4347ece5944a95c3c1a84",
    "https://deno.land/std@0.208.0/yaml/_loader/loader.ts": "63ec7f0a265dbbabc54b25a4beefff7650e205160a2d75c7d8f8363b5f84851a",
    "https://deno.land/std@0.208.0/yaml/_loader/loader_state.ts": "0841870b467169269d7c2dfa75cd288c319bc06f65edd9e42c29e5fced91c7a4",
    "https://deno.land/std@0.208.0/yaml/_mark.ts": "dcd8585dee585e024475e9f3fe27d29740670fb64ebb970388094cad0fc11d5d",
    "https://deno.land/std@0.208.0/yaml/_state.ts": "ef03d55ec235d48dcfbecc0ab3ade90bfae69a61094846e08003421c2cf5cfc6",
    "https://deno.land/std@0.208.0/yaml/_type/binary.ts": "24d49614463a7339a8a16d894919c2ec18a10588ae360ec352093b60e2cc8b0d",
    "https://deno.land/std@0.208.0/yaml/_type/bool.ts": "5bfa75da84343d45347b521ba4e5aeace9fe6f53447405290d53315a3fc20e66",
    "https://deno.land/std@0.208.0/yaml/_type/float.ts": "056bd3cb9c5586238b20517511014fb24b0e36f98f9f6073e12da308b6b9808a",
    "https://deno.land/std@0.208.0/yaml/_type/function.ts": "ff574fe84a750695302864e1c31b93f12d14ada4bde79a5f93197fc33ad17471",
    "https://deno.land/std@0.208.0/yaml/_type/int.ts": "563ad074f0fa7aecf6b6c3d84135bcc95a8269dcc15de878de20ce868fd773fa",
    "https://deno.land/std@0.208.0/yaml/_type/map.ts": "7b105e4ab03a361c61e7e335a0baf4d40f06460b13920e5af3fb2783a1464000",
    "https://deno.land/std@0.208.0/yaml/_type/merge.ts": "8192bf3e4d637f32567917f48bb276043da9cf729cf594e5ec191f7cd229337e",
    "https://deno.land/std@0.208.0/yaml/_type/mod.ts": "060e2b3d38725094b77ea3a3f05fc7e671fced8e67ca18e525be98c4aa8f4bbb",
    "https://deno.land/std@0.208.0/yaml/_type/nil.ts": "606e8f0c44d73117c81abec822f89ef81e40f712258c74f186baa1af659b8887",
    "https://deno.land/std@0.208.0/yaml/_type/omap.ts": "cfe59a294726f5cea705c39a61fd2b08199cf48f4ccd6b040cb550ec0f38d0a1",
    "https://deno.land/std@0.208.0/yaml/_type/pairs.ts": "0032fdfe57558d21696a4f8cf5b5cfd1f698743177080affc18629685c905666",
    "https://deno.land/std@0.208.0/yaml/_type/regexp.ts": "1ce118de15b2da43b4bd8e4395f42d448b731acf3bdaf7c888f40789f9a95f8b",
    "https://deno.land/std@0.208.0/yaml/_type/seq.ts": "95333abeec8a7e4d967b8c8328b269e342a4bbdd2585395549b9c4f58c8533a2",
    "https://deno.land/std@0.208.0/yaml/_type/set.ts": "f28ba44e632ef2a6eb580486fd47a460445eeddbdf1dbc739c3e62486f566092",
    "https://deno.land/std@0.208.0/yaml/_type/str.ts": "a67a3c6e429d95041399e964015511779b1130ea5889fa257c48457bd3446e31",
    "https://deno.land/std@0.208.0/yaml/_type/timestamp.ts": "706ea80a76a73e48efaeb400ace087da1f927647b53ad6f754f4e06d51af087f",
    "https://deno.land/std@0.208.0/yaml/_type/undefined.ts": "94a316ca450597ccbc6750cbd79097ad0d5f3a019797eed3c841a040c29540ba",
    "https://deno.land/std@0.208.0/yaml/_utils.ts": "26b311f0d42a7ce025060bd6320a68b50e52fd24a839581eb31734cd48e20393",
    "https://deno.land/std@0.208.0/yaml/mod.ts": "28ecda6652f3e7a7735ee29c247bfbd32a2e2fc5724068e9fd173ec4e59f66f7",
    "https://deno.land/std@0.208.0/yaml/parse.ts": "1fbbda572bf3fff578b6482c0d8b85097a38de3176bf3ab2ca70c25fb0c960ef",
    "https://deno.land/std@0.208.0/yaml/schema.ts": "96908b78dc50c340074b93fc1598d5e7e2fe59103f89ff81e5a49b2dedf77a67",
    "https://deno.land/std@0.208.0/yaml/schema/core.ts": "fa406f18ceedc87a50e28bb90ec7a4c09eebb337f94ef17468349794fa828639",
    "https://deno.land/std@0.208.0/yaml/schema/default.ts": "0047e80ae8a4a93293bc4c557ae8a546aabd46bb7165b9d9b940d57b4d88bde9",
    "https://deno.land/std@0.208.0/yaml/schema/extended.ts": "0784416bf062d20a1626b53c03380e265b3e39b9409afb9f4cb7d659fd71e60d",
    "https://deno.land/std@0.208.0/yaml/schema/failsafe.ts": "d219ab5febc43f770917d8ec37735a4b1ad671149846cbdcade767832b42b92b",
    "https://deno.land/std@0.208.0/yaml/schema/json.ts": "5f41dd7c2f1ad545ef6238633ce9ee3d444dfc5a18101e1768bd5504bf90e5e5",
    "https://deno.land/std@0.208.0/yaml/schema/mod.ts": "4472e827bab5025e92bc2eb2eeefa70ecbefc64b2799b765c69af84822efef32",
    "https://deno.land/std@0.208.0/yaml/stringify.ts": "fffc09c65c68d3d63f8159e8cbaa3f489bc20a8e55b4fbb61a8c2e9f914d1d02",
    "https://deno.land/std@0.208.0/yaml/type.ts": "65553da3da3c029b6589c6e4903f0afbea6768be8fca61580711457151f2b30f",
    "https://deno.land/x/bcrypt@v0.4.1/mod.ts": "ff09bdae282583cf5f7d87efe37ddcecef7f14f6d12e8b8066a3058db8c6c2f7",
    "https://deno.land/x/bcrypt@v0.4.1/src/bcrypt/base64.ts": "b8266450a4f1eb6960f60f2f7986afc4dde6b45bd2d7ee7ba10789e67e17b9f7",
    "https://deno.land/x/bcrypt@v0.4.1/src/bcrypt/bcrypt.ts": "ec221648cc6453ea5e3803bc817c01157dada06aa6f7a0ba6b9f87aae32b21e2",
    "https://deno.land/x/bcrypt@v0.4.1/src/main.ts": "08d201b289c8d9c46f8839c69cd6625b213863db29775c7a200afc3b540e64f8",
    "https://deno.land/x/bcrypt@v0.4.1/src/worker.ts": "5a73bdfee9c9e622f47c9733d374b627dce52fb3ec1e74c8226698b3fc57ffac",
    "https://deno.land/x/djwt@v3.0.1/algorithm.ts": "b1c6645f9dbd6e6c47c123a3b18c28b956f91c65ed17f5b6d5d968fc3750542b",
    "https://deno.land/x/djwt@v3.0.1/deps.ts": "c8b329dc18c54f93879699ffb728bd805d548f7c64c4d2916efa5fb2c712cc47",
    "https://deno.land/x/djwt@v3.0.1/mod.ts": "eca176976595654b8a536e7b8029a029c435d079ef58feff2d3bde33ea107417",
    "https://deno.land/x/djwt@v3.0.1/signature.ts": "a5649368a4b433b2810e7d47f53661fe3b0f7fe1778cb49234ceae3d6e861185",
    "https://deno.land/x/djwt@v3.0.1/util.ts": "5cb264d2125c553678e11446bcfa0494025d120e3f59d0a3ab38f6800def697d",
    "https://deno.land/x/hono@v3.11.7/adapter/deno/serve-static.ts": "ba10cf6aaf39da942b0d49c3b9877ddba69d41d414c6551d890beb1085f58eea",
    "https://deno.land/x/hono@v3.11.7/client/client.ts": "ff340f58041203879972dd368b011ed130c66914f789826610869a90603406bf",
    "https://deno.land/x/hono@v3.11.7/client/index.ts": "3ff4cf246f3543f827a85a2c84d66a025ac350ee927613629bda47e854bfb7ba",
    "https://deno.land/x/hono@v3.11.7/client/utils.ts": "053273c002963b549d38268a1b423ac8ca211a8028bdab1ed0b781a62aa5e661",
    "https://deno.land/x/hono@v3.11.7/compose.ts": "37d6e33b7db80e4c43a0629b12fd3a1e3406e7d9e62a4bfad4b30426ea7ae4f1",
    "https://deno.land/x/hono@v3.11.7/context.ts": "5cac561498e1f4af7a355673a047f07f47349056c5167ed9aec8a20cdcac8464",
    "https://deno.land/x/hono@v3.11.7/helper/cookie/index.ts": "a05ce7e3bafe1f8c7f45d04abf79822716011be75904fe1aad2e99126fd985b9",
    "https://deno.land/x/hono@v3.11.7/helper/html/index.ts": "a4ac61c54cd432e708dd019aced59273e5e053933f4804b0b5758d9916468b3e",
    "https://deno.land/x/hono@v3.11.7/hono-base.ts": "ab40351c5198cedef9e235ca0a958a161fec822b62aa7fb1eaa36559dc05e0d5",
    "https://deno.land/x/hono@v3.11.7/hono.ts": "2cc4c292e541463a4d6f83edbcea58048d203e9564ae62ec430a3d466b49a865",
    "https://deno.land/x/hono@v3.11.7/http-exception.ts": "6071df078b5f76d279684d52fe82a590f447a64ffe1b75eb5064d0c8a8d2d676",
    "https://deno.land/x/hono@v3.11.7/jsx/components.ts": "f69d385d768f2b6656615a2991514b610bfe6ac87e042fa9723d2b92dd92a62b",
    "https://deno.land/x/hono@v3.11.7/jsx/index.ts": "4e447da487478dd6f7ceda92256cdeb3fb8ca42c336b22553c279a1927594941",
    "https://deno.land/x/hono@v3.11.7/jsx/streaming.ts": "37a6b23d1419e210e6063c7d315f984a993a4f42b39cbcd77323d1c0af75bc62",
    "https://deno.land/x/hono@v3.11.7/middleware.ts": "57b2047c4b9d775a052a9c44a3b805802c1d1cb477ab9c4bb6185d27382d1b96",
    "https://deno.land/x/hono@v3.11.7/middleware/basic-auth/index.ts": "5f88b1bc909d0db51fd72ec236db642271e3c597ac9ca2d8d191c0bb7d2ffdef",
    "https://deno.land/x/hono@v3.11.7/middleware/bearer-auth/index.ts": "1bfe631db1661cd342a2220614af5e21455ebea11b8c3ed5f6df7ef8d02b9a54",
    "https://deno.land/x/hono@v3.11.7/middleware/cache/index.ts": "0d3a742d0b1639e47f11da6ab66f755eb379a431b073391a94a9f551c5a2c430",
    "https://deno.land/x/hono@v3.11.7/middleware/compress/index.ts": "c053a4c9bb605f0320e014b513cfd44c6cbde6ed49373fd659fa02d697f9df17",
    "https://deno.land/x/hono@v3.11.7/middleware/cors/index.ts": "8ed6459d4d8990e5f398255aa139e3026f773abee8acd7e9dc1090fcf3f42e83",
    "https://deno.land/x/hono@v3.11.7/middleware/etag/index.ts": "3392aabea4d02dfec51455c5919bff9aad76538b9fde375dd542fbc3f389dd3a",
    "https://deno.land/x/hono@v3.11.7/middleware/jsx-renderer/index.ts": "8c12ac5b61608a4688e28794927990d1d07ca11de8b9e79bb85e33b1696d790c",
    "https://deno.land/x/hono@v3.11.7/middleware/jwt/index.ts": "2779850fc1e16a41da03ba93430a08439002fa8cc0e122ee6f444a98172bc891",
    "https://deno.land/x/hono@v3.11.7/middleware/logger/index.ts": "4baf9217b61f5e9e937c3e4e6cd87508c83603fcee77c33edba0a6ae2cc41ccd",
    "https://deno.land/x/hono@v3.11.7/middleware/powered-by/index.ts": "6faba0cf042278d60b317b690640bb0b58747690cf280fa09024424c5174e66d",
    "https://deno.land/x/hono@v3.11.7/middleware/pretty-json/index.ts": "2216ce4c9910be009fecac63367c3626b46137d4cf7cb9a82913e501104b4a88",
    "https://deno.land/x/hono@v3.11.7/middleware/secure-headers/index.ts": "05dfc8fbb94a565efbb55633090b81157e97f23393ff80a23e299ad7ac222e34",
    "https://deno.land/x/hono@v3.11.7/middleware/timing/index.ts": "241702aa10ab66cc832e8b556c57c236f3bf338a8817d802cb142eae0f852582",
    "https://deno.land/x/hono@v3.11.7/mod.ts": "90114a97be9111b348129ad0143e764a64921f60dd03b8f3da529db98a0d3a82",
    "https://deno.land/x/hono@v3.11.7/request.ts": "71a67261d14bba95e9a8b4782a1c1704d12d54a77390ce404741df15ab99a109",
    "https://deno.land/x/hono@v3.11.7/router.ts": "880316f561918fc197481755aac2165fdbe2f530b925c5357a9f98d6e2cc85c7",
    "https://deno.land/x/hono@v3.11.7/router/linear-router/index.ts": "8a2a7144c50b1f4a92d9ee99c2c396716af144c868e10608255f969695efccd0",
    "https://deno.land/x/hono@v3.11.7/router/linear-router/router.ts": "bc63e8b5bc1dabc815306d50bebd1bb5877ffa3936ba2ad7550d093c95ee6bd1",
    "https://deno.land/x/hono@v3.11.7/router/pattern-router/index.ts": "304a66c50e243872037ed41c7dd79ed0c89d815e17e172e7ad7cdc4bc07d3383",
    "https://deno.land/x/hono@v3.11.7/router/pattern-router/router.ts": "a9a5a2a182cce8c3ae82139892cc0502be7dd8f579f31e76d0302b19b338e548",
    "https://deno.land/x/hono@v3.11.7/router/reg-exp-router/index.ts": "52755829213941756159b7a963097bafde5cc4fc22b13b1c7c9184dc0512d1db",
    "https://deno.land/x/hono@v3.11.7/router/reg-exp-router/node.ts": "5b3fb80411db04c65df066e69fedb2c8c0844753c2633d703336de84d569252c",
    "https://deno.land/x/hono@v3.11.7/router/reg-exp-router/router.ts": "7f7af7ce45a4327f9ac7dbdee186f7ba9a24f2eff14c720e3f670be001e71780",
    "https://deno.land/x/hono@v3.11.7/router/reg-exp-router/trie.ts": "852ce7207e6701e47fa30889a0d2b8bfcd56d8862c97e7bc9831e0a64bd8835f",
    "https://deno.land/x/hono@v3.11.7/router/smart-router/index.ts": "74f9b4fe15ea535900f2b9b048581915f12fe94e531dd2b0032f5610e61c3bef",
    "https://deno.land/x/hono@v3.11.7/router/smart-router/router.ts": "f1848a2a1eefa316a11853ae12e749552747771fb8a11fe713ae04ea6461140b",
    "https://deno.land/x/hono@v3.11.7/router/trie-router/index.ts": "3eb75e7f71ba81801631b30de6b1f5cefb2c7239c03797e2b2cbab5085911b41",
    "https://deno.land/x/hono@v3.11.7/router/trie-router/node.ts": "e9ea493da22913b2e60a88284c5edb5330506f2ceb0ac631909219bb139c4b60",
    "https://deno.land/x/hono@v3.11.7/router/trie-router/router.ts": "54ced78d35676302c8fcdda4204f7bdf5a7cc907fbf9967c75674b1e394f830d",
    "https://deno.land/x/hono@v3.11.7/utils/body.ts": "7a16a6656331a96bcae57642f8d5e3912bd361cbbcc2c0d2157ecc3f218f7a92",
    "https://deno.land/x/hono@v3.11.7/utils/buffer.ts": "9066a973e64498cb262c7e932f47eed525a51677b17f90893862b7279dc0773e",
    "https://deno.land/x/hono@v3.11.7/utils/cookie.ts": "19920ba6756944aae1ad8585c3ddeaa9df479733f59d05359db096f7361e5e4b",
    "https://deno.land/x/hono@v3.11.7/utils/crypto.ts": "bda0e141bbe46d3a4a20f8fbcb6380d473b617123d9fdfa93e4499410b537acc",
    "https://deno.land/x/hono@v3.11.7/utils/encode.ts": "3b7c7d736123b5073542b34321700d4dbf5ff129c138f434bb2144a4d425ee89",
    "https://deno.land/x/hono@v3.11.7/utils/filepath.ts": "18461b055a914d6da85077f453051b516281bb17cf64fa74bf5ef604dc9d2861",
    "https://deno.land/x/hono@v3.11.7/utils/html.ts": "4d2f3975238819fa756e0e51cb7090702136b1e3c54c5049694e26c62d2fcd84",
    "https://deno.land/x/hono@v3.11.7/utils/jwt/index.ts": "5e4b82a42eb3603351dfce726cd781ca41cb57437395409d227131aec348d2d5",
    "https://deno.land/x/hono@v3.11.7/utils/jwt/jwt.ts": "02ff7bbf1298ffcc7a40266842f8eac44b6c136453e32d4441e24d0cbfba3a95",
    "https://deno.land/x/hono@v3.11.7/utils/jwt/types.ts": "58ddf908f76ba18d9c62ddfc2d1e40cc2e306bf987409a6169287efa81ce2546",
    "https://deno.land/x/hono@v3.11.7/utils/mime.ts": "0105d2b5e8e91f07acc70f5d06b388313995d62af23c802fcfba251f5a744d95",
    "https://deno.land/x/hono@v3.11.7/utils/stream.ts": "1789dcc73c5b0ede28f83d7d34e47ae432c20e680907cb3275a9c9187f293983",
    "https://deno.land/x/hono@v3.11.7/utils/url.ts": "5fc3307ef3cb2e6f34ec2a03e3d7f2126c6a9f5f0eab677222df3f0e40bd7567",
    "https://deno.land/x/hono@v3.11.7/validator/index.ts": "6c986e8b91dcf857ecc8164a506ae8eea8665792a4ff7215471df669c632ae7c",
    "https://deno.land/x/hono@v3.11.7/validator/validator.ts": "f6139f0b6eb2040bc9f7ed4148905d5affc898235952772b2d6585fdae8d4731",
    "https://esm.sh/preact-render-to-string@6.3.1": "d0c7107a8b8ebc52797986a6ac9d57e780cf956fdad498f2dee58745c263d541",
    "https://esm.sh/preact-render-to-string@6.3.1/denonext/preact-render-to-string.mjs": "1f0e7b0aac1b9067fec288bb544b14beba78527fcf04f34fb02b098cb7fb5a6d",
    "https://esm.sh/preact@10.19.3": "e665fa7cfbac33461e7ecf79f8b361a8f831b3e7edc8089d1f95e05fed6a8be1",
    "https://esm.sh/preact@10.19.3/denonext/jsx-runtime.mjs": "a151a1f662b5e3023385100c46e2c4142489d3b982cb094a08af8a3ca7b30c1d",
    "https://esm.sh/preact@10.19.3/denonext/preact.mjs": "6233d303372951bb69428bcd7fd4a6617fc721edee334f228ae8b2e5ab6a2e7f",
    "https://esm.sh/preact@10.19.3/jsx-runtime": "c0a489946b2a492ed590365ce1dbb2606adef27635722687b7d6320f57faf435",
    "https://esm.sh/preact@10.28.0/denonext/preact.mjs": "db19baec1ac3a23c9c2cfbfbd2b83944c4c724c14707b801e9c673e68ba9226c",
    "https://esm.sh/preact@10.28.0?target=denonext": "b5abcdfe9253dfe3974ff3e1e81e6480aa14a9cef0013f3e048a8281fd5f30d5"
  },
  "workspace": {
    "dependencies": [
      "npm:zod@^4.1.13"
    ]
  }
}
